
Microsoft Visual Studio Solution File, Format Version 12.00
# Visual Studio Version 17
VisualStudioVersion = 17.14.36518.9 d17.14
MinimumVisualStudioVersion = 10.0.40219.1
Project("{FAE04EC0-301F-11D3-BF4B-00C04F79EFBC}") = "Pronia", "Pronia\Pronia.csproj", "{53F61A1B-8E51-493D-9AB7-33BAADD301BF}"
EndProject
Global
	GlobalSection(SolutionConfigurationPlatforms) = preSolution
		Debug|Any CPU = Debug|Any CPU
		Release|Any CPU = Release|Any CPU
	EndGlobalSection
	GlobalSection(ProjectConfigurationPlatforms) = postSolution
		{53F61A1B-8E51-493D-9AB7-33BAADD301BF}.Debug|Any CPU.ActiveCfg = Debug|Any CPU
		{53F61A1B-8E51-493D-9AB7-33BAADD301BF}.Debug|Any CPU.Build.0 = Debug|Any CPU
		{53F61A1B-8E51-493D-9AB7-33BAADD301BF}.Release|Any CPU.ActiveCfg = Release|Any CPU
		{53F61A1B-8E51-493D-9AB7-33BAADD301BF}.Release|Any CPU.Build.0 = Release|Any CPU
	EndGlobalSection
	GlobalSection(SolutionProperties) = preSolution
		HideSolutionNode = FALSE
	EndGlobalSection
	GlobalSection(ExtensibilityGlobals) = postSolution
		SolutionGuid = {80C5F410-762F-448F-8C54-70C8A74DDF48}
	EndGlobalSection
EndGlobal
